
Microsoft Visual Studio Solution File, Format Version 12.00
# Visual Studio Version 17
VisualStudioVersion = 17.7.34031.279
MinimumVisualStudioVersion = 10.0.40219.1
Project("{FAE04EC0-301F-11D3-BF4B-00C04F79EFBC}") = "lab10", "lab10\lab10.csproj", "{893E9B08-0E54-48B4-BB38-10F0A447371E}"
EndProject
Global
	GlobalSection(SolutionConfigurationPlatforms) = preSolution
		Debug|Any CPU = Debug|Any CPU
		Release|Any CPU = Release|Any CPU
	EndGlobalSection
	GlobalSection(ProjectConfigurationPlatforms) = postSolution
		{893E9B08-0E54-48B4-BB38-10F0A447371E}.Debug|Any CPU.ActiveCfg = Debug|Any CPU
		{893E9B08-0E54-48B4-BB38-10F0A447371E}.Debug|Any CPU.Build.0 = Debug|Any CPU
		{893E9B08-0E54-48B4-BB38-10F0A447371E}.Release|Any CPU.ActiveCfg = Release|Any CPU
		{893E9B08-0E54-48B4-BB38-10F0A447371E}.Release|Any CPU.Build.0 = Release|Any CPU
	EndGlobalSection
	GlobalSection(SolutionProperties) = preSolution
		HideSolutionNode = FALSE
	EndGlobalSection
	GlobalSection(ExtensibilityGlobals) = postSolution
		SolutionGuid = {A0236ED2-BD0D-4FC8-8259-BC6EA1D61721}
	EndGlobalSection
EndGlobal
